
Microsoft Visual Studio Solution File, Format Version 12.00
# Visual Studio Version 16
VisualStudioVersion = 16.0.31025.194
MinimumVisualStudioVersion = 10.0.40219.1
Project("{FAE04EC0-301F-11D3-BF4B-00C04F79EFBC}") = "Identity.API", "identity\Identity.API.csproj", "{ACEBC7E6-9FE2-4F5B-854B-0FCA106DDC14}"
EndProject
Project("{FAE04EC0-301F-11D3-BF4B-00C04F79EFBC}") = "Identity.Service", "service\Identity.Service.csproj", "{665B0D58-9AFF-4C84-9F8C-F6EC20A4E434}"
EndProject
Project("{FAE04EC0-301F-11D3-BF4B-00C04F79EFBC}") = "Identity.Data", "data\Identity.Data.csproj", "{571C4C08-5283-4499-9F90-E76F4C417D90}"
EndProject
Global
	GlobalSection(SolutionConfigurationPlatforms) = preSolution
		Debug|Any CPU = Debug|Any CPU
		Release|Any CPU = Release|Any CPU
	EndGlobalSection
	GlobalSection(ProjectConfigurationPlatforms) = postSolution
		{ACEBC7E6-9FE2-4F5B-854B-0FCA106DDC14}.Debug|Any CPU.ActiveCfg = Debug|Any CPU
		{ACEBC7E6-9FE2-4F5B-854B-0FCA106DDC14}.Debug|Any CPU.Build.0 = Debug|Any CPU
		{ACEBC7E6-9FE2-4F5B-854B-0FCA106DDC14}.Release|Any CPU.ActiveCfg = Release|Any CPU
		{ACEBC7E6-9FE2-4F5B-854B-0FCA106DDC14}.Release|Any CPU.Build.0 = Release|Any CPU
		{665B0D58-9AFF-4C84-9F8C-F6EC20A4E434}.Debug|Any CPU.ActiveCfg = Debug|Any CPU
		{665B0D58-9AFF-4C84-9F8C-F6EC20A4E434}.Debug|Any CPU.Build.0 = Debug|Any CPU
		{665B0D58-9AFF-4C84-9F8C-F6EC20A4E434}.Release|Any CPU.ActiveCfg = Release|Any CPU
		{665B0D58-9AFF-4C84-9F8C-F6EC20A4E434}.Release|Any CPU.Build.0 = Release|Any CPU
		{571C4C08-5283-4499-9F90-E76F4C417D90}.Debug|Any CPU.ActiveCfg = Debug|Any CPU
		{571C4C08-5283-4499-9F90-E76F4C417D90}.Debug|Any CPU.Build.0 = Debug|Any CPU
		{571C4C08-5283-4499-9F90-E76F4C417D90}.Release|Any CPU.ActiveCfg = Release|Any CPU
		{571C4C08-5283-4499-9F90-E76F4C417D90}.Release|Any CPU.Build.0 = Release|Any CPU
	EndGlobalSection
	GlobalSection(SolutionProperties) = preSolution
		HideSolutionNode = FALSE
	EndGlobalSection
	GlobalSection(ExtensibilityGlobals) = postSolution
		SolutionGuid = {D5FCEBF5-305C-4882-B88C-5F3E19FF8592}
	EndGlobalSection
EndGlobal
